// !$*UTF8*$!
{
	archiveVersion = 1;
	classes = {
	};
	objectVersion = 55;
	objects = {

/* Begin PBXBuildFile section */
		E67A292127763BEF00382710 /* JSONDataService.swift in Sources */ = {isa = PBXBuildFile; fileRef = E67A292027763BEF00382710 /* JSONDataService.swift */; };
		E67A2923277648B200382710 /* UserModel.swift in Sources */ = {isa = PBXBuildFile; fileRef = E67A2922277648B200382710 /* UserModel.swift */; };
		E67BCD252772F306002342E2 /* DueDatesView.swift in Sources */ = {isa = PBXBuildFile; fileRef = E67BCD242772F306002342E2 /* DueDatesView.swift */; };
		E67BCD272772FAF3002342E2 /* AllAnnouncementsView.swift in Sources */ = {isa = PBXBuildFile; fileRef = E67BCD262772FAF3002342E2 /* AllAnnouncementsView.swift */; };
		E67BCD292772FB0D002342E2 /* ByCourseAnnouncementsView.swift in Sources */ = {isa = PBXBuildFile; fileRef = E67BCD282772FB0D002342E2 /* ByCourseAnnouncementsView.swift */; };
		E67BCD2B2773042A002342E2 /* SettingsView.swift in Sources */ = {isa = PBXBuildFile; fileRef = E67BCD2A2773042A002342E2 /* SettingsView.swift */; };
		E67BCD2D277310DE002342E2 /* MenuView.swift in Sources */ = {isa = PBXBuildFile; fileRef = E67BCD2C277310DE002342E2 /* MenuView.swift */; };
		E67BCD2F27737AFA002342E2 /* LaunchScreen.storyboard in Resources */ = {isa = PBXBuildFile; fileRef = E67BCD2E27737AFA002342E2 /* LaunchScreen.storyboard */; };
		E67BCD312773932B002342E2 /* User.swift in Sources */ = {isa = PBXBuildFile; fileRef = E67BCD302773932B002342E2 /* User.swift */; };
		E6A45ADA277EB12600DED89B /* LocalStorage.swift in Sources */ = {isa = PBXBuildFile; fileRef = E6A45AD9277EB12600DED89B /* LocalStorage.swift */; };
		E6A4E4B42771A9E5004A13A3 /* ProfileCardView.swift in Sources */ = {isa = PBXBuildFile; fileRef = E6A4E4B32771A9E5004A13A3 /* ProfileCardView.swift */; };
		E6A4E4B62771F222004A13A3 /* CourseCardView.swift in Sources */ = {isa = PBXBuildFile; fileRef = E6A4E4B52771F221004A13A3 /* CourseCardView.swift */; };
		E6A62CD12783D8B6004B31FD /* DetailAnnouncementView.swift in Sources */ = {isa = PBXBuildFile; fileRef = E6A62CD02783D8B6004B31FD /* DetailAnnouncementView.swift */; };
		E6ABCAA6277D137C00C13464 /* LoginView.swift in Sources */ = {isa = PBXBuildFile; fileRef = E6ABCAA5277D137C00C13464 /* LoginView.swift */; };
		E6ABCAA8277D139E00C13464 /* Authentication.swift in Sources */ = {isa = PBXBuildFile; fileRef = E6ABCAA7277D139E00C13464 /* Authentication.swift */; };
		E6ABCAAA277D13ED00C13464 /* LoginViewModel.swift in Sources */ = {isa = PBXBuildFile; fileRef = E6ABCAA9277D13ED00C13464 /* LoginViewModel.swift */; };
		E6ABCAAC277D145300C13464 /* UIApplication+Extension.swift in Sources */ = {isa = PBXBuildFile; fileRef = E6ABCAAB277D145300C13464 /* UIApplication+Extension.swift */; };
		E6ABCAAE277D151200C13464 /* LoginAPIService.swift in Sources */ = {isa = PBXBuildFile; fileRef = E6ABCAAD277D151200C13464 /* LoginAPIService.swift */; };
		E6ABCAB0277D16BC00C13464 /* Credentials.swift in Sources */ = {isa = PBXBuildFile; fileRef = E6ABCAAF277D16BC00C13464 /* Credentials.swift */; };
		E6CADB7C2787C4C800E0FDCB /* CalendarUserModel.swift in Sources */ = {isa = PBXBuildFile; fileRef = E6CADB7B2787C4C800E0FDCB /* CalendarUserModel.swift */; };
		E6CADB932787C84F00E0FDCB /* CalendarHome.swift in Sources */ = {isa = PBXBuildFile; fileRef = E6CADB912787C84F00E0FDCB /* CalendarHome.swift */; };
		E6CADB952787C8A200E0FDCB /* TaskCalendar.swift in Sources */ = {isa = PBXBuildFile; fileRef = E6CADB942787C8A200E0FDCB /* TaskCalendar.swift */; };
		E6CADB972787CB3F00E0FDCB /* CalendarUser.swift in Sources */ = {isa = PBXBuildFile; fileRef = E6CADB962787CB3F00E0FDCB /* CalendarUser.swift */; };
		E6D2DD1427700F8C007BA04B /* IE_App.swift in Sources */ = {isa = PBXBuildFile; fileRef = E6D2DD1327700F8C007BA04B /* IE_App.swift */; };
		E6D2DD1627700F8C007BA04B /* MainTabView.swift in Sources */ = {isa = PBXBuildFile; fileRef = E6D2DD1527700F8C007BA04B /* MainTabView.swift */; };
		E6D2DD1827700F90007BA04B /* Assets.xcassets in Resources */ = {isa = PBXBuildFile; fileRef = E6D2DD1727700F90007BA04B /* Assets.xcassets */; };
		E6D2DD1B27700F90007BA04B /* Preview Assets.xcassets in Resources */ = {isa = PBXBuildFile; fileRef = E6D2DD1A27700F90007BA04B /* Preview Assets.xcassets */; };
		E6D2DD232770114A007BA04B /* ProfileView.swift in Sources */ = {isa = PBXBuildFile; fileRef = E6D2DD222770114A007BA04B /* ProfileView.swift */; };
		E6D2DD2527701161007BA04B /* CoursesView.swift in Sources */ = {isa = PBXBuildFile; fileRef = E6D2DD2427701161007BA04B /* CoursesView.swift */; };
		E6D2DD272770119D007BA04B /* CalendarView.swift in Sources */ = {isa = PBXBuildFile; fileRef = E6D2DD262770119D007BA04B /* CalendarView.swift */; };
		E6D2DD29277011AA007BA04B /* AnnouncementsView.swift in Sources */ = {isa = PBXBuildFile; fileRef = E6D2DD28277011AA007BA04B /* AnnouncementsView.swift */; };
		E6D2DD30277017AB007BA04B /* users.json in Resources */ = {isa = PBXBuildFile; fileRef = E6D2DD2F277017AB007BA04B /* users.json */; };
		E6E753D92772225600F9667A /* CourseDetailView.swift in Sources */ = {isa = PBXBuildFile; fileRef = E6E753D82772225600F9667A /* CourseDetailView.swift */; };
/* End PBXBuildFile section */

/* Begin PBXFileReference section */
		E67A292027763BEF00382710 /* JSONDataService.swift */ = {isa = PBXFileReference; lastKnownFileType = sourcecode.swift; path = JSONDataService.swift; sourceTree = "<group>"; };
		E67A2922277648B200382710 /* UserModel.swift */ = {isa = PBXFileReference; lastKnownFileType = sourcecode.swift; path = UserModel.swift; sourceTree = "<group>"; };
		E67BCD242772F306002342E2 /* DueDatesView.swift */ = {isa = PBXFileReference; lastKnownFileType = sourcecode.swift; path = DueDatesView.swift; sourceTree = "<group>"; };
		E67BCD262772FAF3002342E2 /* AllAnnouncementsView.swift */ = {isa = PBXFileReference; lastKnownFileType = sourcecode.swift; path = AllAnnouncementsView.swift; sourceTree = "<group>"; };
		E67BCD282772FB0D002342E2 /* ByCourseAnnouncementsView.swift */ = {isa = PBXFileReference; lastKnownFileType = sourcecode.swift; path = ByCourseAnnouncementsView.swift; sourceTree = "<group>"; };
		E67BCD2A2773042A002342E2 /* SettingsView.swift */ = {isa = PBXFileReference; lastKnownFileType = sourcecode.swift; path = SettingsView.swift; sourceTree = "<group>"; };
		E67BCD2C277310DE002342E2 /* MenuView.swift */ = {isa = PBXFileReference; lastKnownFileType = sourcecode.swift; path = MenuView.swift; sourceTree = "<group>"; };
		E67BCD2E27737AFA002342E2 /* LaunchScreen.storyboard */ = {isa = PBXFileReference; lastKnownFileType = file.storyboard; path = LaunchScreen.storyboard; sourceTree = "<group>"; };
		E67BCD302773932B002342E2 /* User.swift */ = {isa = PBXFileReference; lastKnownFileType = sourcecode.swift; path = User.swift; sourceTree = "<group>"; };
		E6A45AD9277EB12600DED89B /* LocalStorage.swift */ = {isa = PBXFileReference; lastKnownFileType = sourcecode.swift; path = LocalStorage.swift; sourceTree = "<group>"; };
		E6A4E4B32771A9E5004A13A3 /* ProfileCardView.swift */ = {isa = PBXFileReference; lastKnownFileType = sourcecode.swift; path = ProfileCardView.swift; sourceTree = "<group>"; };
		E6A4E4B52771F221004A13A3 /* CourseCardView.swift */ = {isa = PBXFileReference; lastKnownFileType = sourcecode.swift; path = CourseCardView.swift; sourceTree = "<group>"; };
		E6A62CD02783D8B6004B31FD /* DetailAnnouncementView.swift */ = {isa = PBXFileReference; lastKnownFileType = sourcecode.swift; path = DetailAnnouncementView.swift; sourceTree = "<group>"; };
		E6ABCAA5277D137C00C13464 /* LoginView.swift */ = {isa = PBXFileReference; lastKnownFileType = sourcecode.swift; path = LoginView.swift; sourceTree = "<group>"; };
		E6ABCAA7277D139E00C13464 /* Authentication.swift */ = {isa = PBXFileReference; fileEncoding = 4; lastKnownFileType = sourcecode.swift; path = Authentication.swift; sourceTree = "<group>"; };
		E6ABCAA9277D13ED00C13464 /* LoginViewModel.swift */ = {isa = PBXFileReference; fileEncoding = 4; lastKnownFileType = sourcecode.swift; path = LoginViewModel.swift; sourceTree = "<group>"; };
		E6ABCAAB277D145300C13464 /* UIApplication+Extension.swift */ = {isa = PBXFileReference; fileEncoding = 4; lastKnownFileType = sourcecode.swift; path = "UIApplication+Extension.swift"; sourceTree = "<group>"; };
		E6ABCAAD277D151200C13464 /* LoginAPIService.swift */ = {isa = PBXFileReference; fileEncoding = 4; lastKnownFileType = sourcecode.swift; path = LoginAPIService.swift; sourceTree = "<group>"; };
		E6ABCAAF277D16BC00C13464 /* Credentials.swift */ = {isa = PBXFileReference; fileEncoding = 4; lastKnownFileType = sourcecode.swift; path = Credentials.swift; sourceTree = "<group>"; };
		E6CADB7B2787C4C800E0FDCB /* CalendarUserModel.swift */ = {isa = PBXFileReference; fileEncoding = 4; lastKnownFileType = sourcecode.swift; path = CalendarUserModel.swift; sourceTree = "<group>"; };
		E6CADB912787C84F00E0FDCB /* CalendarHome.swift */ = {isa = PBXFileReference; fileEncoding = 4; lastKnownFileType = sourcecode.swift; path = CalendarHome.swift; sourceTree = "<group>"; };
		E6CADB942787C8A200E0FDCB /* TaskCalendar.swift */ = {isa = PBXFileReference; fileEncoding = 4; lastKnownFileType = sourcecode.swift; path = TaskCalendar.swift; sourceTree = "<group>"; };
		E6CADB962787CB3F00E0FDCB /* CalendarUser.swift */ = {isa = PBXFileReference; fileEncoding = 4; lastKnownFileType = sourcecode.swift; path = CalendarUser.swift; sourceTree = "<group>"; };
		E6D2DD1027700F8C007BA04B /* IE App.app */ = {isa = PBXFileReference; explicitFileType = wrapper.application; includeInIndex = 0; path = "IE App.app"; sourceTree = BUILT_PRODUCTS_DIR; };
		E6D2DD1327700F8C007BA04B /* IE_App.swift */ = {isa = PBXFileReference; lastKnownFileType = sourcecode.swift; path = IE_App.swift; sourceTree = "<group>"; };
		E6D2DD1527700F8C007BA04B /* MainTabView.swift */ = {isa = PBXFileReference; lastKnownFileType = sourcecode.swift; path = MainTabView.swift; sourceTree = "<group>"; };
		E6D2DD1727700F90007BA04B /* Assets.xcassets */ = {isa = PBXFileReference; lastKnownFileType = folder.assetcatalog; path = Assets.xcassets; sourceTree = "<group>"; };
		E6D2DD1A27700F90007BA04B /* Preview Assets.xcassets */ = {isa = PBXFileReference; lastKnownFileType = folder.assetcatalog; path = "Preview Assets.xcassets"; sourceTree = "<group>"; };
		E6D2DD222770114A007BA04B /* ProfileView.swift */ = {isa = PBXFileReference; lastKnownFileType = sourcecode.swift; path = ProfileView.swift; sourceTree = "<group>"; };
		E6D2DD2427701161007BA04B /* CoursesView.swift */ = {isa = PBXFileReference; lastKnownFileType = sourcecode.swift; path = CoursesView.swift; sourceTree = "<group>"; };
		E6D2DD262770119D007BA04B /* CalendarView.swift */ = {isa = PBXFileReference; lastKnownFileType = sourcecode.swift; path = CalendarView.swift; sourceTree = "<group>"; };
		E6D2DD28277011AA007BA04B /* AnnouncementsView.swift */ = {isa = PBXFileReference; lastKnownFileType = sourcecode.swift; path = AnnouncementsView.swift; sourceTree = "<group>"; };
		E6D2DD2F277017AB007BA04B /* users.json */ = {isa = PBXFileReference; lastKnownFileType = text.json; path = users.json; sourceTree = "<group>"; };
		E6E753D82772225600F9667A /* CourseDetailView.swift */ = {isa = PBXFileReference; lastKnownFileType = sourcecode.swift; path = CourseDetailView.swift; sourceTree = "<group>"; };
/* End PBXFileReference section */

/* Begin PBXFrameworksBuildPhase section */
		E6D2DD0D27700F8C007BA04B /* Frameworks */ = {
			isa = PBXFrameworksBuildPhase;
			buildActionMask = 2147483647;
			files = (
			);
			runOnlyForDeploymentPostprocessing = 0;
		};
/* End PBXFrameworksBuildPhase section */

/* Begin PBXGroup section */
		E67A291F27763B0E00382710 /* Services */ = {
			isa = PBXGroup;
			children = (
				E6CADB942787C8A200E0FDCB /* TaskCalendar.swift */,
				E6ABCAAD277D151200C13464 /* LoginAPIService.swift */,
				E67A292027763BEF00382710 /* JSONDataService.swift */,
				E6ABCAAB277D145300C13464 /* UIApplication+Extension.swift */,
			);
			path = Services;
			sourceTree = "<group>";
		};
		E6A4180E278B48D600F8DB2E /* Courses */ = {
			isa = PBXGroup;
			children = (
				E6D2DD2427701161007BA04B /* CoursesView.swift */,
				E6A4E4B52771F221004A13A3 /* CourseCardView.swift */,
				E6E753D82772225600F9667A /* CourseDetailView.swift */,
			);
			path = Courses;
			sourceTree = "<group>";
		};
		E6A4180F278B492300F8DB2E /* Announcements */ = {
			isa = PBXGroup;
			children = (
				E6D2DD28277011AA007BA04B /* AnnouncementsView.swift */,
				E67BCD262772FAF3002342E2 /* AllAnnouncementsView.swift */,
				E67BCD282772FB0D002342E2 /* ByCourseAnnouncementsView.swift */,
				E6A62CD02783D8B6004B31FD /* DetailAnnouncementView.swift */,
			);
			path = Announcements;
			sourceTree = "<group>";
		};
		E6A41810278B496A00F8DB2E /* Profile */ = {
			isa = PBXGroup;
			children = (
				E6D2DD222770114A007BA04B /* ProfileView.swift */,
				E6A4E4B32771A9E5004A13A3 /* ProfileCardView.swift */,
			);
			path = Profile;
			sourceTree = "<group>";
		};
		E6CADB7D2787C4EF00E0FDCB /* Calendar */ = {
			isa = PBXGroup;
			children = (
				E6D2DD262770119D007BA04B /* CalendarView.swift */,
				E67BCD242772F306002342E2 /* DueDatesView.swift */,
				E6CADB912787C84F00E0FDCB /* CalendarHome.swift */,
				E6CADB962787CB3F00E0FDCB /* CalendarUser.swift */,
			);
			path = Calendar;
			sourceTree = "<group>";
		};
		E6D2DD0727700F8C007BA04B = {
			isa = PBXGroup;
			children = (
				E6D2DD1227700F8C007BA04B /* IE App */,
				E6D2DD1127700F8C007BA04B /* Products */,
			);
			sourceTree = "<group>";
		};
		E6D2DD1127700F8C007BA04B /* Products */ = {
			isa = PBXGroup;
			children = (
				E6D2DD1027700F8C007BA04B /* IE App.app */,
			);
			name = Products;
			sourceTree = "<group>";
		};
		E6D2DD1227700F8C007BA04B /* IE App */ = {
			isa = PBXGroup;
			children = (
				E6D2DD1327700F8C007BA04B /* IE_App.swift */,
				E6ABCAA7277D139E00C13464 /* Authentication.swift */,
				E6D2DD21277010A1007BA04B /* Views */,
				E6D2DD2C277016E9007BA04B /* ViewModels */,
				E6D2DD2D2770172D007BA04B /* Models */,
				E67A291F27763B0E00382710 /* Services */,
				E6D2DD2E27701758007BA04B /* Data */,
				E6D2DD1727700F90007BA04B /* Assets.xcassets */,
				E6D2DD1927700F90007BA04B /* Preview Content */,
			);
			path = "IE App";
			sourceTree = "<group>";
		};
		E6D2DD1927700F90007BA04B /* Preview Content */ = {
			isa = PBXGroup;
			children = (
				E6D2DD1A27700F90007BA04B /* Preview Assets.xcassets */,
			);
			path = "Preview Content";
			sourceTree = "<group>";
		};
		E6D2DD21277010A1007BA04B /* Views */ = {
			isa = PBXGroup;
			children = (
				E6ABCAA5277D137C00C13464 /* LoginView.swift */,
				E6D2DD1527700F8C007BA04B /* MainTabView.swift */,
				E6A41810278B496A00F8DB2E /* Profile */,
				E6A4180E278B48D600F8DB2E /* Courses */,
				E6CADB7D2787C4EF00E0FDCB /* Calendar */,
				E6A4180F278B492300F8DB2E /* Announcements */,
				E67BCD2C277310DE002342E2 /* MenuView.swift */,
				E67BCD2A2773042A002342E2 /* SettingsView.swift */,
				E67BCD2E27737AFA002342E2 /* LaunchScreen.storyboard */,
			);
			path = Views;
			sourceTree = "<group>";
		};
		E6D2DD2C277016E9007BA04B /* ViewModels */ = {
			isa = PBXGroup;
			children = (
				E6ABCAA9277D13ED00C13464 /* LoginViewModel.swift */,
				E67A2922277648B200382710 /* UserModel.swift */,
			);
			path = ViewModels;
			sourceTree = "<group>";
		};
		E6D2DD2D2770172D007BA04B /* Models */ = {
			isa = PBXGroup;
			children = (
				E6CADB7B2787C4C800E0FDCB /* CalendarUserModel.swift */,
				E6ABCAAF277D16BC00C13464 /* Credentials.swift */,
				E67BCD302773932B002342E2 /* User.swift */,
			);
			path = Models;
			sourceTree = "<group>";
		};
		E6D2DD2E27701758007BA04B /* Data */ = {
			isa = PBXGroup;
			children = (
				E6D2DD2F277017AB007BA04B /* users.json */,
				E6A45AD9277EB12600DED89B /* LocalStorage.swift */,
			);
			path = Data;
			sourceTree = "<group>";
		};
/* End PBXGroup section */

/* Begin PBXNativeTarget section */
		E6D2DD0F27700F8C007BA04B /* IE App */ = {
			isa = PBXNativeTarget;
			buildConfigurationList = E6D2DD1E27700F90007BA04B /* Build configuration list for PBXNativeTarget "IE App" */;
			buildPhases = (
				E6D2DD0C27700F8C007BA04B /* Sources */,
				E6D2DD0D27700F8C007BA04B /* Frameworks */,
				E6D2DD0E27700F8C007BA04B /* Resources */,
			);
			buildRules = (
			);
			dependencies = (
			);
			name = "IE App";
			productName = "IE App";
			productReference = E6D2DD1027700F8C007BA04B /* IE App.app */;
			productType = "com.apple.product-type.application";
		};
/* End PBXNativeTarget section */

/* Begin PBXProject section */
		E6D2DD0827700F8C007BA04B /* Project object */ = {
			isa = PBXProject;
			attributes = {
				BuildIndependentTargetsInParallel = 1;
				LastSwiftUpdateCheck = 1310;
				LastUpgradeCheck = 1310;
				TargetAttributes = {
					E6D2DD0F27700F8C007BA04B = {
						CreatedOnToolsVersion = 13.1;
					};
				};
			};
			buildConfigurationList = E6D2DD0B27700F8C007BA04B /* Build configuration list for PBXProject "IE App" */;
			compatibilityVersion = "Xcode 13.0";
			developmentRegion = en;
			hasScannedForEncodings = 0;
			knownRegions = (
				en,
				Base,
			);
			mainGroup = E6D2DD0727700F8C007BA04B;
			productRefGroup = E6D2DD1127700F8C007BA04B /* Products */;
			projectDirPath = "";
			projectRoot = "";
			targets = (
				E6D2DD0F27700F8C007BA04B /* IE App */,
			);
		};
/* End PBXProject section */

/* Begin PBXResourcesBuildPhase section */
		E6D2DD0E27700F8C007BA04B /* Resources */ = {
			isa = PBXResourcesBuildPhase;
			buildActionMask = 2147483647;
			files = (
				E6D2DD30277017AB007BA04B /* users.json in Resources */,
				E67BCD2F27737AFA002342E2 /* LaunchScreen.storyboard in Resources */,
				E6D2DD1B27700F90007BA04B /* Preview Assets.xcassets in Resources */,
				E6D2DD1827700F90007BA04B /* Assets.xcassets in Resources */,
			);
			runOnlyForDeploymentPostprocessing = 0;
		};
/* End PBXResourcesBuildPhase section */

/* Begin PBXSourcesBuildPhase section */
		E6D2DD0C27700F8C007BA04B /* Sources */ = {
			isa = PBXSourcesBuildPhase;
			buildActionMask = 2147483647;
			files = (
				E67BCD2B2773042A002342E2 /* SettingsView.swift in Sources */,
				E67A292127763BEF00382710 /* JSONDataService.swift in Sources */,
				E6E753D92772225600F9667A /* CourseDetailView.swift in Sources */,
				E6ABCAA8277D139E00C13464 /* Authentication.swift in Sources */,
				E6D2DD272770119D007BA04B /* CalendarView.swift in Sources */,
				E6A4E4B62771F222004A13A3 /* CourseCardView.swift in Sources */,
				E67BCD312773932B002342E2 /* User.swift in Sources */,
				E6D2DD29277011AA007BA04B /* AnnouncementsView.swift in Sources */,
				E6ABCAAC277D145300C13464 /* UIApplication+Extension.swift in Sources */,
				E6CADB7C2787C4C800E0FDCB /* CalendarUserModel.swift in Sources */,
				E6D2DD1627700F8C007BA04B /* MainTabView.swift in Sources */,
				E6D2DD232770114A007BA04B /* ProfileView.swift in Sources */,
				E6CADB932787C84F00E0FDCB /* CalendarHome.swift in Sources */,
				E67BCD252772F306002342E2 /* DueDatesView.swift in Sources */,
				E6A62CD12783D8B6004B31FD /* DetailAnnouncementView.swift in Sources */,
				E6D2DD1427700F8C007BA04B /* IE_App.swift in Sources */,
				E6CADB952787C8A200E0FDCB /* TaskCalendar.swift in Sources */,
				E6A4E4B42771A9E5004A13A3 /* ProfileCardView.swift in Sources */,
				E67BCD2D277310DE002342E2 /* MenuView.swift in Sources */,
				E6A45ADA277EB12600DED89B /* LocalStorage.swift in Sources */,
				E67BCD272772FAF3002342E2 /* AllAnnouncementsView.swift in Sources */,
				E6D2DD2527701161007BA04B /* CoursesView.swift in Sources */,
				E6ABCAB0277D16BC00C13464 /* Credentials.swift in Sources */,
				E6ABCAAE277D151200C13464 /* LoginAPIService.swift in Sources */,
				E6CADB972787CB3F00E0FDCB /* CalendarUser.swift in Sources */,
				E6ABCAA6277D137C00C13464 /* LoginView.swift in Sources */,
				E67A2923277648B200382710 /* UserModel.swift in Sources */,
				E67BCD292772FB0D002342E2 /* ByCourseAnnouncementsView.swift in Sources */,
				E6ABCAAA277D13ED00C13464 /* LoginViewModel.swift in Sources */,
			);
			runOnlyForDeploymentPostprocessing = 0;
		};
/* End PBXSourcesBuildPhase section */

/* Begin XCBuildConfiguration section */
		E6D2DD1C27700F90007BA04B /* Debug */ = {
			isa = XCBuildConfiguration;
			buildSettings = {
				ALWAYS_SEARCH_USER_PATHS = NO;
				CLANG_ANALYZER_NONNULL = YES;
				CLANG_ANALYZER_NUMBER_OBJECT_CONVERSION = YES_AGGRESSIVE;
				CLANG_CXX_LANGUAGE_STANDARD = "gnu++17";
				CLANG_CXX_LIBRARY = "libc++";
				CLANG_ENABLE_MODULES = YES;
				CLANG_ENABLE_OBJC_ARC = YES;
				CLANG_ENABLE_OBJC_WEAK = YES;
				CLANG_WARN_BLOCK_CAPTURE_AUTORELEASING = YES;
				CLANG_WARN_BOOL_CONVERSION = YES;
				CLANG_WARN_COMMA = YES;
				CLANG_WARN_CONSTANT_CONVERSION = YES;
				CLANG_WARN_DEPRECATED_OBJC_IMPLEMENTATIONS = YES;
				CLANG_WARN_DIRECT_OBJC_ISA_USAGE = YES_ERROR;
				CLANG_WARN_DOCUMENTATION_COMMENTS = YES;
				CLANG_WARN_EMPTY_BODY = YES;
				CLANG_WARN_ENUM_CONVERSION = YES;
				CLANG_WARN_INFINITE_RECURSION = YES;
				CLANG_WARN_INT_CONVERSION = YES;
				CLANG_WARN_NON_LITERAL_NULL_CONVERSION = YES;
				CLANG_WARN_OBJC_IMPLICIT_RETAIN_SELF = YES;
				CLANG_WARN_OBJC_LITERAL_CONVERSION = YES;
				CLANG_WARN_OBJC_ROOT_CLASS = YES_ERROR;
				CLANG_WARN_QUOTED_INCLUDE_IN_FRAMEWORK_HEADER = YES;
				CLANG_WARN_RANGE_LOOP_ANALYSIS = YES;
				CLANG_WARN_STRICT_PROTOTYPES = YES;
				CLANG_WARN_SUSPICIOUS_MOVE = YES;
				CLANG_WARN_UNGUARDED_AVAILABILITY = YES_AGGRESSIVE;
				CLANG_WARN_UNREACHABLE_CODE = YES;
				CLANG_WARN__DUPLICATE_METHOD_MATCH = YES;
				COPY_PHASE_STRIP = NO;
				DEBUG_INFORMATION_FORMAT = dwarf;
				ENABLE_STRICT_OBJC_MSGSEND = YES;
				ENABLE_TESTABILITY = YES;
				GCC_C_LANGUAGE_STANDARD = gnu11;
				GCC_DYNAMIC_NO_PIC = NO;
				GCC_NO_COMMON_BLOCKS = YES;
				GCC_OPTIMIZATION_LEVEL = 0;
				GCC_PREPROCESSOR_DEFINITIONS = (
					"DEBUG=1",
					"$(inherited)",
				);
				GCC_WARN_64_TO_32_BIT_CONVERSION = YES;
				GCC_WARN_ABOUT_RETURN_TYPE = YES_ERROR;
				GCC_WARN_UNDECLARED_SELECTOR = YES;
				GCC_WARN_UNINITIALIZED_AUTOS = YES_AGGRESSIVE;
				GCC_WARN_UNUSED_FUNCTION = YES;
				GCC_WARN_UNUSED_VARIABLE = YES;
				IPHONEOS_DEPLOYMENT_TARGET = 15.0;
				MTL_ENABLE_DEBUG_INFO = INCLUDE_SOURCE;
				MTL_FAST_MATH = YES;
				ONLY_ACTIVE_ARCH = YES;
				SDKROOT = iphoneos;
				SWIFT_ACTIVE_COMPILATION_CONDITIONS = DEBUG;
				SWIFT_OPTIMIZATION_LEVEL = "-Onone";
			};
			name = Debug;
		};
		E6D2DD1D27700F90007BA04B /* Release */ = {
			isa = XCBuildConfiguration;
			buildSettings = {
				ALWAYS_SEARCH_USER_PATHS = NO;
				CLANG_ANALYZER_NONNULL = YES;
				CLANG_ANALYZER_NUMBER_OBJECT_CONVERSION = YES_AGGRESSIVE;
				CLANG_CXX_LANGUAGE_STANDARD = "gnu++17";
				CLANG_CXX_LIBRARY = "libc++";
				CLANG_ENABLE_MODULES = YES;
				CLANG_ENABLE_OBJC_ARC = YES;
				CLANG_ENABLE_OBJC_WEAK = YES;
				CLANG_WARN_BLOCK_CAPTURE_AUTORELEASING = YES;
				CLANG_WARN_BOOL_CONVERSION = YES;
				CLANG_WARN_COMMA = YES;
				CLANG_WARN_CONSTANT_CONVERSION = YES;
				CLANG_WARN_DEPRECATED_OBJC_IMPLEMENTATIONS = YES;
				CLANG_WARN_DIRECT_OBJC_ISA_USAGE = YES_ERROR;
				CLANG_WARN_DOCUMENTATION_COMMENTS = YES;
				CLANG_WARN_EMPTY_BODY = YES;
				CLANG_WARN_ENUM_CONVERSION = YES;
				CLANG_WARN_INFINITE_RECURSION = YES;
				CLANG_WARN_INT_CONVERSION = YES;
				CLANG_WARN_NON_LITERAL_NULL_CONVERSION = YES;
				CLANG_WARN_OBJC_IMPLICIT_RETAIN_SELF = YES;
				CLANG_WARN_OBJC_LITERAL_CONVERSION = YES;
				CLANG_WARN_OBJC_ROOT_CLASS = YES_ERROR;
				CLANG_WARN_QUOTED_INCLUDE_IN_FRAMEWORK_HEADER = YES;
				CLANG_WARN_RANGE_LOOP_ANALYSIS = YES;
				CLANG_WARN_STRICT_PROTOTYPES = YES;
				CLANG_WARN_SUSPICIOUS_MOVE = YES;
				CLANG_WARN_UNGUARDED_AVAILABILITY = YES_AGGRESSIVE;
				CLANG_WARN_UNREACHABLE_CODE = YES;
				CLANG_WARN__DUPLICATE_METHOD_MATCH = YES;
				COPY_PHASE_STRIP = NO;
				DEBUG_INFORMATION_FORMAT = "dwarf-with-dsym";
				ENABLE_NS_ASSERTIONS = NO;
				ENABLE_STRICT_OBJC_MSGSEND = YES;
				GCC_C_LANGUAGE_STANDARD = gnu11;
				GCC_NO_COMMON_BLOCKS = YES;
				GCC_WARN_64_TO_32_BIT_CONVERSION = YES;
				GCC_WARN_ABOUT_RETURN_TYPE = YES_ERROR;
				GCC_WARN_UNDECLARED_SELECTOR = YES;
				GCC_WARN_UNINITIALIZED_AUTOS = YES_AGGRESSIVE;
				GCC_WARN_UNUSED_FUNCTION = YES;
				GCC_WARN_UNUSED_VARIABLE = YES;
				IPHONEOS_DEPLOYMENT_TARGET = 15.0;
				MTL_ENABLE_DEBUG_INFO = NO;
				MTL_FAST_MATH = YES;
				SDKROOT = iphoneos;
				SWIFT_COMPILATION_MODE = wholemodule;
				SWIFT_OPTIMIZATION_LEVEL = "-O";
				VALIDATE_PRODUCT = YES;
			};
			name = Release;
		};
		E6D2DD1F27700F90007BA04B /* Debug */ = {
			isa = XCBuildConfiguration;
			buildSettings = {
				ASSETCATALOG_COMPILER_APPICON_NAME = AppIcon;
				ASSETCATALOG_COMPILER_GLOBAL_ACCENT_COLOR_NAME = AccentColor;
				CODE_SIGN_STYLE = Automatic;
				CURRENT_PROJECT_VERSION = 1;
				DEVELOPMENT_ASSET_PATHS = "\"IE App/Preview Content\"";
				DEVELOPMENT_TEAM = 5R2Q9R33LS;
				ENABLE_PREVIEWS = YES;
				GENERATE_INFOPLIST_FILE = YES;
				INFOPLIST_KEY_UIApplicationSceneManifest_Generation = YES;
				INFOPLIST_KEY_UIApplicationSupportsIndirectInputEvents = YES;
				INFOPLIST_KEY_UILaunchScreen_Generation = YES;
				INFOPLIST_KEY_UILaunchStoryboardName = LaunchScreen;
				INFOPLIST_KEY_UISupportedInterfaceOrientations = UIInterfaceOrientationPortrait;
				INFOPLIST_KEY_UISupportedInterfaceOrientations_iPad = UIInterfaceOrientationPortrait;
				INFOPLIST_KEY_UISupportedInterfaceOrientations_iPhone = UIInterfaceOrientationPortrait;
				IPHONEOS_DEPLOYMENT_TARGET = 15.0;
				LD_RUNPATH_SEARCH_PATHS = (
					"$(inherited)",
					"@executable_path/Frameworks",
				);
				MARKETING_VERSION = 1.0;
				PRODUCT_BUNDLE_IDENTIFIER = "ie.IE-App";
				PRODUCT_NAME = "$(TARGET_NAME)";
				SWIFT_EMIT_LOC_STRINGS = YES;
				SWIFT_VERSION = 5.0;
				TARGETED_DEVICE_FAMILY = "1,2";
			};
			name = Debug;
		};
		E6D2DD2027700F90007BA04B /* Release */ = {
			isa = XCBuildConfiguration;
			buildSettings = {
				ASSETCATALOG_COMPILER_APPICON_NAME = AppIcon;
				ASSETCATALOG_COMPILER_GLOBAL_ACCENT_COLOR_NAME = AccentColor;
				CODE_SIGN_STYLE = Automatic;
				CURRENT_PROJECT_VERSION = 1;
				DEVELOPMENT_ASSET_PATHS = "\"IE App/Preview Content\"";
				DEVELOPMENT_TEAM = 5R2Q9R33LS;
				ENABLE_PREVIEWS = YES;
				GENERATE_INFOPLIST_FILE = YES;
				INFOPLIST_KEY_UIApplicationSceneManifest_Generation = YES;
				INFOPLIST_KEY_UIApplicationSupportsIndirectInputEvents = YES;
				INFOPLIST_KEY_UILaunchScreen_Generation = YES;
				INFOPLIST_KEY_UILaunchStoryboardName = LaunchScreen;
				INFOPLIST_KEY_UISupportedInterfaceOrientations = UIInterfaceOrientationPortrait;
				INFOPLIST_KEY_UISupportedInterfaceOrientations_iPad = UIInterfaceOrientationPortrait;
				INFOPLIST_KEY_UISupportedInterfaceOrientations_iPhone = UIInterfaceOrientationPortrait;
				IPHONEOS_DEPLOYMENT_TARGET = 15.0;
				LD_RUNPATH_SEARCH_PATHS = (
					"$(inherited)",
					"@executable_path/Frameworks",
				);
				MARKETING_VERSION = 1.0;
				PRODUCT_BUNDLE_IDENTIFIER = "ie.IE-App";
				PRODUCT_NAME = "$(TARGET_NAME)";
				SWIFT_EMIT_LOC_STRINGS = YES;
				SWIFT_VERSION = 5.0;
				TARGETED_DEVICE_FAMILY = "1,2";
			};
			name = Release;
		};
/* End XCBuildConfiguration section */

/* Begin XCConfigurationList section */
		E6D2DD0B27700F8C007BA04B /* Build configuration list for PBXProject "IE App" */ = {
			isa = XCConfigurationList;
			buildConfigurations = (
				E6D2DD1C27700F90007BA04B /* Debug */,
				E6D2DD1D27700F90007BA04B /* Release */,
			);
			defaultConfigurationIsVisible = 0;
			defaultConfigurationName = Release;
		};
		E6D2DD1E27700F90007BA04B /* Build configuration list for PBXNativeTarget "IE App" */ = {
			isa = XCConfigurationList;
			buildConfigurations = (
				E6D2DD1F27700F90007BA04B /* Debug */,
				E6D2DD2027700F90007BA04B /* Release */,
			);
			defaultConfigurationIsVisible = 0;
			defaultConfigurationName = Release;
		};
/* End XCConfigurationList section */
	};
	rootObject = E6D2DD0827700F8C007BA04B /* Project object */;
}
